
Microsoft Visual Studio Solution File, Format Version 12.00
# Visual Studio 2015
Project("{FAE04EC0-301F-11D3-BF4B-00C04F79EFBC}") = "Applied-Project.Plugins", "Applied-Project.Plugins.csproj", "{5D157990-912D-0957-3AF5-AFC75316557D}"
EndProject
Project("{FAE04EC0-301F-11D3-BF4B-00C04F79EFBC}") = "Applied-Project", "Applied-Project.csproj", "{63B920D9-BA09-2236-37F6-70775172DA1F}"
EndProject
Project("{FAE04EC0-301F-11D3-BF4B-00C04F79EFBC}") = "Applied-Project.Editor", "Applied-Project.Editor.csproj", "{6960FD09-5410-753C-F884-329D3D16B091}"
EndProject
Global
	GlobalSection(SolutionConfigurationPlatforms) = preSolution
		Debug|Any CPU = Debug|Any CPU
		Release|Any CPU = Release|Any CPU
	EndGlobalSection
	GlobalSection(ProjectConfigurationPlatforms) = postSolution
		{5D157990-912D-0957-3AF5-AFC75316557D}.Debug|Any CPU.ActiveCfg = Debug|Any CPU
		{5D157990-912D-0957-3AF5-AFC75316557D}.Debug|Any CPU.Build.0 = Debug|Any CPU
		{5D157990-912D-0957-3AF5-AFC75316557D}.Release|Any CPU.ActiveCfg = Release|Any CPU
		{5D157990-912D-0957-3AF5-AFC75316557D}.Release|Any CPU.Build.0 = Release|Any CPU
		{63B920D9-BA09-2236-37F6-70775172DA1F}.Debug|Any CPU.ActiveCfg = Debug|Any CPU
		{63B920D9-BA09-2236-37F6-70775172DA1F}.Debug|Any CPU.Build.0 = Debug|Any CPU
		{63B920D9-BA09-2236-37F6-70775172DA1F}.Release|Any CPU.ActiveCfg = Release|Any CPU
		{63B920D9-BA09-2236-37F6-70775172DA1F}.Release|Any CPU.Build.0 = Release|Any CPU
		{6960FD09-5410-753C-F884-329D3D16B091}.Debug|Any CPU.ActiveCfg = Debug|Any CPU
		{6960FD09-5410-753C-F884-329D3D16B091}.Debug|Any CPU.Build.0 = Debug|Any CPU
		{6960FD09-5410-753C-F884-329D3D16B091}.Release|Any CPU.ActiveCfg = Release|Any CPU
		{6960FD09-5410-753C-F884-329D3D16B091}.Release|Any CPU.Build.0 = Release|Any CPU
	EndGlobalSection
	GlobalSection(SolutionProperties) = preSolution
		HideSolutionNode = FALSE
	EndGlobalSection
EndGlobal
